
Microsoft Visual Studio Solution File, Format Version 12.00
# Visual Studio Version 17
VisualStudioVersion = 17.4.33213.308
MinimumVisualStudioVersion = 10.0.40219.1
Project("{FAE04EC0-301F-11D3-BF4B-00C04F79EFBC}") = "uzduotis01", "uzduotis01\uzduotis01.csproj", "{F58FACBB-655B-4F24-BA30-366E00BB3799}"
EndProject
Project("{FAE04EC0-301F-11D3-BF4B-00C04F79EFBC}") = "uzduotis06", "uzduotis06\uzduotis06.csproj", "{F19FB3BD-2E65-4E78-814E-DC7D7CFF5F86}"
EndProject
Project("{FAE04EC0-301F-11D3-BF4B-00C04F79EFBC}") = "uzduotis05", "uzduotis05\uzduotis05.csproj", "{E9E9BCD1-000F-441D-A81B-F90D69744FB8}"
EndProject
Project("{FAE04EC0-301F-11D3-BF4B-00C04F79EFBC}") = "uzduotis21", "uzduotis21\uzduotis21.csproj", "{F5DB9C31-0B90-4529-8289-5FDA119A3485}"
EndProject
Project("{FAE04EC0-301F-11D3-BF4B-00C04F79EFBC}") = "uzduotis22", "uzduotis22\uzduotis22.csproj", "{EEE601A6-3554-4B38-9257-7F7E2A274186}"
EndProject
Project("{FAE04EC0-301F-11D3-BF4B-00C04F79EFBC}") = "uzduotis23", "uzduotis23\uzduotis23.csproj", "{306BD5C9-249F-4D4D-937C-9C43A6DE8C86}"
EndProject
Global
	GlobalSection(SolutionConfigurationPlatforms) = preSolution
		Debug|Any CPU = Debug|Any CPU
		Release|Any CPU = Release|Any CPU
	EndGlobalSection
	GlobalSection(ProjectConfigurationPlatforms) = postSolution
		{F58FACBB-655B-4F24-BA30-366E00BB3799}.Debug|Any CPU.ActiveCfg = Debug|Any CPU
		{F58FACBB-655B-4F24-BA30-366E00BB3799}.Debug|Any CPU.Build.0 = Debug|Any CPU
		{F58FACBB-655B-4F24-BA30-366E00BB3799}.Release|Any CPU.ActiveCfg = Release|Any CPU
		{F58FACBB-655B-4F24-BA30-366E00BB3799}.Release|Any CPU.Build.0 = Release|Any CPU
		{F19FB3BD-2E65-4E78-814E-DC7D7CFF5F86}.Debug|Any CPU.ActiveCfg = Debug|Any CPU
		{F19FB3BD-2E65-4E78-814E-DC7D7CFF5F86}.Debug|Any CPU.Build.0 = Debug|Any CPU
		{F19FB3BD-2E65-4E78-814E-DC7D7CFF5F86}.Release|Any CPU.ActiveCfg = Release|Any CPU
		{F19FB3BD-2E65-4E78-814E-DC7D7CFF5F86}.Release|Any CPU.Build.0 = Release|Any CPU
		{E9E9BCD1-000F-441D-A81B-F90D69744FB8}.Debug|Any CPU.ActiveCfg = Debug|Any CPU
		{E9E9BCD1-000F-441D-A81B-F90D69744FB8}.Debug|Any CPU.Build.0 = Debug|Any CPU
		{E9E9BCD1-000F-441D-A81B-F90D69744FB8}.Release|Any CPU.ActiveCfg = Release|Any CPU
		{E9E9BCD1-000F-441D-A81B-F90D69744FB8}.Release|Any CPU.Build.0 = Release|Any CPU
		{F5DB9C31-0B90-4529-8289-5FDA119A3485}.Debug|Any CPU.ActiveCfg = Debug|Any CPU
		{F5DB9C31-0B90-4529-8289-5FDA119A3485}.Debug|Any CPU.Build.0 = Debug|Any CPU
		{F5DB9C31-0B90-4529-8289-5FDA119A3485}.Release|Any CPU.ActiveCfg = Release|Any CPU
		{F5DB9C31-0B90-4529-8289-5FDA119A3485}.Release|Any CPU.Build.0 = Release|Any CPU
		{EEE601A6-3554-4B38-9257-7F7E2A274186}.Debug|Any CPU.ActiveCfg = Debug|Any CPU
		{EEE601A6-3554-4B38-9257-7F7E2A274186}.Debug|Any CPU.Build.0 = Debug|Any CPU
		{EEE601A6-3554-4B38-9257-7F7E2A274186}.Release|Any CPU.ActiveCfg = Release|Any CPU
		{EEE601A6-3554-4B38-9257-7F7E2A274186}.Release|Any CPU.Build.0 = Release|Any CPU
		{306BD5C9-249F-4D4D-937C-9C43A6DE8C86}.Debug|Any CPU.ActiveCfg = Debug|Any CPU
		{306BD5C9-249F-4D4D-937C-9C43A6DE8C86}.Debug|Any CPU.Build.0 = Debug|Any CPU
		{306BD5C9-249F-4D4D-937C-9C43A6DE8C86}.Release|Any CPU.ActiveCfg = Release|Any CPU
		{306BD5C9-249F-4D4D-937C-9C43A6DE8C86}.Release|Any CPU.Build.0 = Release|Any CPU
	EndGlobalSection
	GlobalSection(SolutionProperties) = preSolution
		HideSolutionNode = FALSE
	EndGlobalSection
	GlobalSection(ExtensibilityGlobals) = postSolution
		SolutionGuid = {8B6A62CB-F3BD-40E8-8788-D869EFA7F6EC}
	EndGlobalSection
EndGlobal
